// !$*UTF8*$!
{
	archiveVersion = 1;
	classes = {
	};
	objectVersion = 46;
	objects = {

/* Begin PBXBuildFile section */
		FBDF6C492011593B000B96BC /* AppDelegate.swift in Sources */ = {isa = PBXBuildFile; fileRef = FBDF6C482011593B000B96BC /* AppDelegate.swift */; };
		FBDF6C4E2011593B000B96BC /* Main.storyboard in Resources */ = {isa = PBXBuildFile; fileRef = FBDF6C4C2011593B000B96BC /* Main.storyboard */; };
		FBDF6C502011593B000B96BC /* Assets.xcassets in Resources */ = {isa = PBXBuildFile; fileRef = FBDF6C4F2011593B000B96BC /* Assets.xcassets */; };
		FBDF6C532011593B000B96BC /* LaunchScreen.storyboard in Resources */ = {isa = PBXBuildFile; fileRef = FBDF6C512011593B000B96BC /* LaunchScreen.storyboard */; };
		FBDF6C5B2011622B000B96BC /* CreatePostViewController.swift in Sources */ = {isa = PBXBuildFile; fileRef = FBDF6C5A2011622B000B96BC /* CreatePostViewController.swift */; };
		FBDF6C5D20116252000B96BC /* ReadPostViewController.swift in Sources */ = {isa = PBXBuildFile; fileRef = FBDF6C5C20116252000B96BC /* ReadPostViewController.swift */; };
/* End PBXBuildFile section */

/* Begin PBXFileReference section */
		FBDF6C452011593B000B96BC /* BlogApp.app */ = {isa = PBXFileReference; explicitFileType = wrapper.application; includeInIndex = 0; path = BlogApp.app; sourceTree = BUILT_PRODUCTS_DIR; };
		FBDF6C482011593B000B96BC /* AppDelegate.swift */ = {isa = PBXFileReference; lastKnownFileType = sourcecode.swift; path = AppDelegate.swift; sourceTree = "<group>"; };
		FBDF6C4D2011593B000B96BC /* Base */ = {isa = PBXFileReference; lastKnownFileType = file.storyboard; name = Base; path = Base.lproj/Main.storyboard; sourceTree = "<group>"; };
		FBDF6C4F2011593B000B96BC /* Assets.xcassets */ = {isa = PBXFileReference; lastKnownFileType = folder.assetcatalog; path = Assets.xcassets; sourceTree = "<group>"; };
		FBDF6C522011593B000B96BC /* Base */ = {isa = PBXFileReference; lastKnownFileType = file.storyboard; name = Base; path = Base.lproj/LaunchScreen.storyboard; sourceTree = "<group>"; };
		FBDF6C542011593B000B96BC /* Info.plist */ = {isa = PBXFileReference; lastKnownFileType = text.plist.xml; path = Info.plist; sourceTree = "<group>"; };
		FBDF6C5A2011622B000B96BC /* CreatePostViewController.swift */ = {isa = PBXFileReference; fileEncoding = 4; lastKnownFileType = sourcecode.swift; path = CreatePostViewController.swift; sourceTree = "<group>"; };
		FBDF6C5C20116252000B96BC /* ReadPostViewController.swift */ = {isa = PBXFileReference; fileEncoding = 4; lastKnownFileType = sourcecode.swift; path = ReadPostViewController.swift; sourceTree = "<group>"; };
/* End PBXFileReference section */

/* Begin PBXFrameworksBuildPhase section */
		FBDF6C422011593A000B96BC /* Frameworks */ = {
			isa = PBXFrameworksBuildPhase;
			buildActionMask = 2147483647;
			files = (
			);
			runOnlyForDeploymentPostprocessing = 0;
		};
/* End PBXFrameworksBuildPhase section */

/* Begin PBXGroup section */
		FBDF6C3C2011593A000B96BC = {
			isa = PBXGroup;
			children = (
				FBDF6C472011593B000B96BC /* BlogApp */,
				FBDF6C462011593B000B96BC /* Products */,
			);
			sourceTree = "<group>";
		};
		FBDF6C462011593B000B96BC /* Products */ = {
			isa = PBXGroup;
			children = (
				FBDF6C452011593B000B96BC /* BlogApp.app */,
			);
			name = Products;
			sourceTree = "<group>";
		};
		FBDF6C472011593B000B96BC /* BlogApp */ = {
			isa = PBXGroup;
			children = (
				FBDF6C482011593B000B96BC /* AppDelegate.swift */,
				FBDF6C4C2011593B000B96BC /* Main.storyboard */,
				FBDF6C4F2011593B000B96BC /* Assets.xcassets */,
				FBDF6C512011593B000B96BC /* LaunchScreen.storyboard */,
				FBDF6C542011593B000B96BC /* Info.plist */,
				FBDF6C5A2011622B000B96BC /* CreatePostViewController.swift */,
				FBDF6C5C20116252000B96BC /* ReadPostViewController.swift */,
			);
			path = BlogApp;
			sourceTree = "<group>";
		};
/* End PBXGroup section */

/* Begin PBXNativeTarget section */
		FBDF6C442011593A000B96BC /* BlogApp */ = {
			isa = PBXNativeTarget;
			buildConfigurationList = FBDF6C572011593B000B96BC /* Build configuration list for PBXNativeTarget "BlogApp" */;
			buildPhases = (
				FBDF6C412011593A000B96BC /* Sources */,
				FBDF6C422011593A000B96BC /* Frameworks */,
				FBDF6C432011593A000B96BC /* Resources */,
			);
			buildRules = (
			);
			dependencies = (
			);
			name = BlogApp;
			productName = BlogApp;
			productReference = FBDF6C452011593B000B96BC /* BlogApp.app */;
			productType = "com.apple.product-type.application";
		};
/* End PBXNativeTarget section */

/* Begin PBXProject section */
		FBDF6C3D2011593A000B96BC /* Project object */ = {
			isa = PBXProject;
			attributes = {
				LastSwiftUpdateCheck = 0810;
				LastUpgradeCheck = 0810;
				ORGANIZATIONNAME = "ACM Hack";
				TargetAttributes = {
					FBDF6C442011593A000B96BC = {
						CreatedOnToolsVersion = 8.1;
						ProvisioningStyle = Automatic;
					};
				};
			};
			buildConfigurationList = FBDF6C402011593A000B96BC /* Build configuration list for PBXProject "BlogApp" */;
			compatibilityVersion = "Xcode 3.2";
			developmentRegion = English;
			hasScannedForEncodings = 0;
			knownRegions = (
				en,
				Base,
			);
			mainGroup = FBDF6C3C2011593A000B96BC;
			productRefGroup = FBDF6C462011593B000B96BC /* Products */;
			projectDirPath = "";
			projectRoot = "";
			targets = (
				FBDF6C442011593A000B96BC /* BlogApp */,
			);
		};
/* End PBXProject section */

/* Begin PBXResourcesBuildPhase section */
		FBDF6C432011593A000B96BC /* Resources */ = {
			isa = PBXResourcesBuildPhase;
			buildActionMask = 2147483647;
			files = (
				FBDF6C532011593B000B96BC /* LaunchScreen.storyboard in Resources */,
				FBDF6C502011593B000B96BC /* Assets.xcassets in Resources */,
				FBDF6C4E2011593B000B96BC /* Main.storyboard in Resources */,
			);
			runOnlyForDeploymentPostprocessing = 0;
		};
/* End PBXResourcesBuildPhase section */

/* Begin PBXSourcesBuildPhase section */
		FBDF6C412011593A000B96BC /* Sources */ = {
			isa = PBXSourcesBuildPhase;
			buildActionMask = 2147483647;
			files = (
				FBDF6C5B2011622B000B96BC /* CreatePostViewController.swift in Sources */,
				FBDF6C5D20116252000B96BC /* ReadPostViewController.swift in Sources */,
				FBDF6C492011593B000B96BC /* AppDelegate.swift in Sources */,
			);
			runOnlyForDeploymentPostprocessing = 0;
		};
/* End PBXSourcesBuildPhase section */

/* Begin PBXVariantGroup section */
		FBDF6C4C2011593B000B96BC /* Main.storyboard */ = {
			isa = PBXVariantGroup;
			children = (
				FBDF6C4D2011593B000B96BC /* Base */,
			);
			name = Main.storyboard;
			sourceTree = "<group>";
		};
		FBDF6C512011593B000B96BC /* LaunchScreen.storyboard */ = {
			isa = PBXVariantGroup;
			children = (
				FBDF6C522011593B000B96BC /* Base */,
			);
			name = LaunchScreen.storyboard;
			sourceTree = "<group>";
		};
/* End PBXVariantGroup section */

/* Begin XCBuildConfiguration section */
		FBDF6C552011593B000B96BC /* Debug */ = {
			isa = XCBuildConfiguration;
			buildSettings = {
				ALWAYS_SEARCH_USER_PATHS = NO;
				CLANG_ANALYZER_NONNULL = YES;
				CLANG_CXX_LANGUAGE_STANDARD = "gnu++0x";
				CLANG_CXX_LIBRARY = "libc++";
				CLANG_ENABLE_MODULES = YES;
				CLANG_ENABLE_OBJC_ARC = YES;
				CLANG_WARN_BOOL_CONVERSION = YES;
				CLANG_WARN_CONSTANT_CONVERSION = YES;
				CLANG_WARN_DIRECT_OBJC_ISA_USAGE = YES_ERROR;
				CLANG_WARN_DOCUMENTATION_COMMENTS = YES;
				CLANG_WARN_EMPTY_BODY = YES;
				CLANG_WARN_ENUM_CONVERSION = YES;
				CLANG_WARN_INFINITE_RECURSION = YES;
				CLANG_WARN_INT_CONVERSION = YES;
				CLANG_WARN_OBJC_ROOT_CLASS = YES_ERROR;
				CLANG_WARN_SUSPICIOUS_MOVES = YES;
				CLANG_WARN_UNREACHABLE_CODE = YES;
				CLANG_WARN__DUPLICATE_METHOD_MATCH = YES;
				"CODE_SIGN_IDENTITY[sdk=iphoneos*]" = "iPhone Developer";
				COPY_PHASE_STRIP = NO;
				DEBUG_INFORMATION_FORMAT = dwarf;
				ENABLE_STRICT_OBJC_MSGSEND = YES;
				ENABLE_TESTABILITY = YES;
				GCC_C_LANGUAGE_STANDARD = gnu99;
				GCC_DYNAMIC_NO_PIC = NO;
				GCC_NO_COMMON_BLOCKS = YES;
				GCC_OPTIMIZATION_LEVEL = 0;
				GCC_PREPROCESSOR_DEFINITIONS = (
					"DEBUG=1",
					"$(inherited)",
				);
				GCC_WARN_64_TO_32_BIT_CONVERSION = YES;
				GCC_WARN_ABOUT_RETURN_TYPE = YES_ERROR;
				GCC_WARN_UNDECLARED_SELECTOR = YES;
				GCC_WARN_UNINITIALIZED_AUTOS = YES_AGGRESSIVE;
				GCC_WARN_UNUSED_FUNCTION = YES;
				GCC_WARN_UNUSED_VARIABLE = YES;
				IPHONEOS_DEPLOYMENT_TARGET = 10.1;
				MTL_ENABLE_DEBUG_INFO = YES;
				ONLY_ACTIVE_ARCH = YES;
				SDKROOT = iphoneos;
				SWIFT_ACTIVE_COMPILATION_CONDITIONS = DEBUG;
				SWIFT_OPTIMIZATION_LEVEL = "-Onone";
			};
			name = Debug;
		};
		FBDF6C562011593B000B96BC /* Release */ = {
			isa = XCBuildConfiguration;
			buildSettings = {
				ALWAYS_SEARCH_USER_PATHS = NO;
				CLANG_ANALYZER_NONNULL = YES;
				CLANG_CXX_LANGUAGE_STANDARD = "gnu++0x";
				CLANG_CXX_LIBRARY = "libc++";
				CLANG_ENABLE_MODULES = YES;
				CLANG_ENABLE_OBJC_ARC = YES;
				CLANG_WARN_BOOL_CONVERSION = YES;
				CLANG_WARN_CONSTANT_CONVERSION = YES;
				CLANG_WARN_DIRECT_OBJC_ISA_USAGE = YES_ERROR;
				CLANG_WARN_DOCUMENTATION_COMMENTS = YES;
				CLANG_WARN_EMPTY_BODY = YES;
				CLANG_WARN_ENUM_CONVERSION = YES;
				CLANG_WARN_INFINITE_RECURSION = YES;
				CLANG_WARN_INT_CONVERSION = YES;
				CLANG_WARN_OBJC_ROOT_CLASS = YES_ERROR;
				CLANG_WARN_SUSPICIOUS_MOVES = YES;
				CLANG_WARN_UNREACHABLE_CODE = YES;
				CLANG_WARN__DUPLICATE_METHOD_MATCH = YES;
				"CODE_SIGN_IDENTITY[sdk=iphoneos*]" = "iPhone Developer";
				COPY_PHASE_STRIP = NO;
				DEBUG_INFORMATION_FORMAT = "dwarf-with-dsym";
				ENABLE_NS_ASSERTIONS = NO;
				ENABLE_STRICT_OBJC_MSGSEND = YES;
				GCC_C_LANGUAGE_STANDARD = gnu99;
				GCC_NO_COMMON_BLOCKS = YES;
				GCC_WARN_64_TO_32_BIT_CONVERSION = YES;
				GCC_WARN_ABOUT_RETURN_TYPE = YES_ERROR;
				GCC_WARN_UNDECLARED_SELECTOR = YES;
				GCC_WARN_UNINITIALIZED_AUTOS = YES_AGGRESSIVE;
				GCC_WARN_UNUSED_FUNCTION = YES;
				GCC_WARN_UNUSED_VARIABLE = YES;
				IPHONEOS_DEPLOYMENT_TARGET = 10.1;
				MTL_ENABLE_DEBUG_INFO = NO;
				SDKROOT = iphoneos;
				SWIFT_OPTIMIZATION_LEVEL = "-Owholemodule";
				VALIDATE_PRODUCT = YES;
			};
			name = Release;
		};
		FBDF6C582011593B000B96BC /* Debug */ = {
			isa = XCBuildConfiguration;
			buildSettings = {
				ASSETCATALOG_COMPILER_APPICON_NAME = AppIcon;
				INFOPLIST_FILE = BlogApp/Info.plist;
				LD_RUNPATH_SEARCH_PATHS = "$(inherited) @executable_path/Frameworks";
				PRODUCT_BUNDLE_IDENTIFIER = com.acmhack.BlogApp;
				PRODUCT_NAME = "$(TARGET_NAME)";
				SWIFT_VERSION = 3.0;
			};
			name = Debug;
		};
		FBDF6C592011593B000B96BC /* Release */ = {
			isa = XCBuildConfiguration;
			buildSettings = {
				ASSETCATALOG_COMPILER_APPICON_NAME = AppIcon;
				INFOPLIST_FILE = BlogApp/Info.plist;
				LD_RUNPATH_SEARCH_PATHS = "$(inherited) @executable_path/Frameworks";
				PRODUCT_BUNDLE_IDENTIFIER = com.acmhack.BlogApp;
				PRODUCT_NAME = "$(TARGET_NAME)";
				SWIFT_VERSION = 3.0;
			};
			name = Release;
		};
/* End XCBuildConfiguration section */

/* Begin XCConfigurationList section */
		FBDF6C402011593A000B96BC /* Build configuration list for PBXProject "BlogApp" */ = {
			isa = XCConfigurationList;
			buildConfigurations = (
				FBDF6C552011593B000B96BC /* Debug */,
				FBDF6C562011593B000B96BC /* Release */,
			);
			defaultConfigurationIsVisible = 0;
			defaultConfigurationName = Release;
		};
		FBDF6C572011593B000B96BC /* Build configuration list for PBXNativeTarget "BlogApp" */ = {
			isa = XCConfigurationList;
			buildConfigurations = (
				FBDF6C582011593B000B96BC /* Debug */,
				FBDF6C592011593B000B96BC /* Release */,
			);
			defaultConfigurationIsVisible = 0;
		};
/* End XCConfigurationList section */
	};
	rootObject = FBDF6C3D2011593A000B96BC /* Project object */;
}
