// !$*UTF8*$!
{
	archiveVersion = 1;
	classes = {
	};
	objectVersion = 48;
	objects = {

/* Begin PBXBuildFile section */
		447A6C0D20153977002FD137 /* AppDelegate.swift in Sources */ = {isa = PBXBuildFile; fileRef = 447A6C0C20153977002FD137 /* AppDelegate.swift */; };
		447A6C0F20153977002FD137 /* CreatePostViewController.swift in Sources */ = {isa = PBXBuildFile; fileRef = 447A6C0E20153977002FD137 /* CreatePostViewController.swift */; };
		447A6C1220153977002FD137 /* Main.storyboard in Resources */ = {isa = PBXBuildFile; fileRef = 447A6C1020153977002FD137 /* Main.storyboard */; };
		447A6C1420153977002FD137 /* Assets.xcassets in Resources */ = {isa = PBXBuildFile; fileRef = 447A6C1320153977002FD137 /* Assets.xcassets */; };
		447A6C1720153977002FD137 /* LaunchScreen.storyboard in Resources */ = {isa = PBXBuildFile; fileRef = 447A6C1520153977002FD137 /* LaunchScreen.storyboard */; };
		447A6C2220153977002FD137 /* PrettyPostTests.swift in Sources */ = {isa = PBXBuildFile; fileRef = 447A6C2120153977002FD137 /* PrettyPostTests.swift */; };
		447A6C2D20153977002FD137 /* PrettyPostUITests.swift in Sources */ = {isa = PBXBuildFile; fileRef = 447A6C2C20153977002FD137 /* PrettyPostUITests.swift */; };
		447A6C3B20156BA0002FD137 /* ReadPostViewController.swift in Sources */ = {isa = PBXBuildFile; fileRef = 447A6C3A20156BA0002FD137 /* ReadPostViewController.swift */; };
/* End PBXBuildFile section */

/* Begin PBXContainerItemProxy section */
		447A6C1E20153977002FD137 /* PBXContainerItemProxy */ = {
			isa = PBXContainerItemProxy;
			containerPortal = 447A6C0120153977002FD137 /* Project object */;
			proxyType = 1;
			remoteGlobalIDString = 447A6C0820153977002FD137;
			remoteInfo = PrettyPost;
		};
		447A6C2920153977002FD137 /* PBXContainerItemProxy */ = {
			isa = PBXContainerItemProxy;
			containerPortal = 447A6C0120153977002FD137 /* Project object */;
			proxyType = 1;
			remoteGlobalIDString = 447A6C0820153977002FD137;
			remoteInfo = PrettyPost;
		};
/* End PBXContainerItemProxy section */

/* Begin PBXFileReference section */
		447A6C0920153977002FD137 /* PrettyPost.app */ = {isa = PBXFileReference; explicitFileType = wrapper.application; includeInIndex = 0; path = PrettyPost.app; sourceTree = BUILT_PRODUCTS_DIR; };
		447A6C0C20153977002FD137 /* AppDelegate.swift */ = {isa = PBXFileReference; lastKnownFileType = sourcecode.swift; path = AppDelegate.swift; sourceTree = "<group>"; };
		447A6C0E20153977002FD137 /* CreatePostViewController.swift */ = {isa = PBXFileReference; lastKnownFileType = sourcecode.swift; path = CreatePostViewController.swift; sourceTree = "<group>"; };
		447A6C1120153977002FD137 /* Base */ = {isa = PBXFileReference; lastKnownFileType = file.storyboard; name = Base; path = Base.lproj/Main.storyboard; sourceTree = "<group>"; };
		447A6C1320153977002FD137 /* Assets.xcassets */ = {isa = PBXFileReference; lastKnownFileType = folder.assetcatalog; path = Assets.xcassets; sourceTree = "<group>"; };
		447A6C1620153977002FD137 /* Base */ = {isa = PBXFileReference; lastKnownFileType = file.storyboard; name = Base; path = Base.lproj/LaunchScreen.storyboard; sourceTree = "<group>"; };
		447A6C1820153977002FD137 /* Info.plist */ = {isa = PBXFileReference; lastKnownFileType = text.plist.xml; path = Info.plist; sourceTree = "<group>"; };
		447A6C1D20153977002FD137 /* PrettyPostTests.xctest */ = {isa = PBXFileReference; explicitFileType = wrapper.cfbundle; includeInIndex = 0; path = PrettyPostTests.xctest; sourceTree = BUILT_PRODUCTS_DIR; };
		447A6C2120153977002FD137 /* PrettyPostTests.swift */ = {isa = PBXFileReference; lastKnownFileType = sourcecode.swift; path = PrettyPostTests.swift; sourceTree = "<group>"; };
		447A6C2320153977002FD137 /* Info.plist */ = {isa = PBXFileReference; lastKnownFileType = text.plist.xml; path = Info.plist; sourceTree = "<group>"; };
		447A6C2820153977002FD137 /* PrettyPostUITests.xctest */ = {isa = PBXFileReference; explicitFileType = wrapper.cfbundle; includeInIndex = 0; path = PrettyPostUITests.xctest; sourceTree = BUILT_PRODUCTS_DIR; };
		447A6C2C20153977002FD137 /* PrettyPostUITests.swift */ = {isa = PBXFileReference; lastKnownFileType = sourcecode.swift; path = PrettyPostUITests.swift; sourceTree = "<group>"; };
		447A6C2E20153977002FD137 /* Info.plist */ = {isa = PBXFileReference; lastKnownFileType = text.plist.xml; path = Info.plist; sourceTree = "<group>"; };
		447A6C3A20156BA0002FD137 /* ReadPostViewController.swift */ = {isa = PBXFileReference; lastKnownFileType = sourcecode.swift; path = ReadPostViewController.swift; sourceTree = "<group>"; };
/* End PBXFileReference section */

/* Begin PBXFrameworksBuildPhase section */
		447A6C0620153977002FD137 /* Frameworks */ = {
			isa = PBXFrameworksBuildPhase;
			buildActionMask = 2147483647;
			files = (
			);
			runOnlyForDeploymentPostprocessing = 0;
		};
		447A6C1A20153977002FD137 /* Frameworks */ = {
			isa = PBXFrameworksBuildPhase;
			buildActionMask = 2147483647;
			files = (
			);
			runOnlyForDeploymentPostprocessing = 0;
		};
		447A6C2520153977002FD137 /* Frameworks */ = {
			isa = PBXFrameworksBuildPhase;
			buildActionMask = 2147483647;
			files = (
			);
			runOnlyForDeploymentPostprocessing = 0;
		};
/* End PBXFrameworksBuildPhase section */

/* Begin PBXGroup section */
		447A6C0020153977002FD137 = {
			isa = PBXGroup;
			children = (
				447A6C0B20153977002FD137 /* PrettyPost */,
				447A6C2020153977002FD137 /* PrettyPostTests */,
				447A6C2B20153977002FD137 /* PrettyPostUITests */,
				447A6C0A20153977002FD137 /* Products */,
			);
			sourceTree = "<group>";
		};
		447A6C0A20153977002FD137 /* Products */ = {
			isa = PBXGroup;
			children = (
				447A6C0920153977002FD137 /* PrettyPost.app */,
				447A6C1D20153977002FD137 /* PrettyPostTests.xctest */,
				447A6C2820153977002FD137 /* PrettyPostUITests.xctest */,
			);
			name = Products;
			sourceTree = "<group>";
		};
		447A6C0B20153977002FD137 /* PrettyPost */ = {
			isa = PBXGroup;
			children = (
				447A6C0C20153977002FD137 /* AppDelegate.swift */,
				447A6C0E20153977002FD137 /* CreatePostViewController.swift */,
				447A6C3A20156BA0002FD137 /* ReadPostViewController.swift */,
				447A6C1020153977002FD137 /* Main.storyboard */,
				447A6C1320153977002FD137 /* Assets.xcassets */,
				447A6C1520153977002FD137 /* LaunchScreen.storyboard */,
				447A6C1820153977002FD137 /* Info.plist */,
			);
			path = PrettyPost;
			sourceTree = "<group>";
		};
		447A6C2020153977002FD137 /* PrettyPostTests */ = {
			isa = PBXGroup;
			children = (
				447A6C2120153977002FD137 /* PrettyPostTests.swift */,
				447A6C2320153977002FD137 /* Info.plist */,
			);
			path = PrettyPostTests;
			sourceTree = "<group>";
		};
		447A6C2B20153977002FD137 /* PrettyPostUITests */ = {
			isa = PBXGroup;
			children = (
				447A6C2C20153977002FD137 /* PrettyPostUITests.swift */,
				447A6C2E20153977002FD137 /* Info.plist */,
			);
			path = PrettyPostUITests;
			sourceTree = "<group>";
		};
/* End PBXGroup section */

/* Begin PBXNativeTarget section */
		447A6C0820153977002FD137 /* PrettyPost */ = {
			isa = PBXNativeTarget;
			buildConfigurationList = 447A6C3120153977002FD137 /* Build configuration list for PBXNativeTarget "PrettyPost" */;
			buildPhases = (
				447A6C0520153977002FD137 /* Sources */,
				447A6C0620153977002FD137 /* Frameworks */,
				447A6C0720153977002FD137 /* Resources */,
			);
			buildRules = (
			);
			dependencies = (
			);
			name = PrettyPost;
			productName = PrettyPost;
			productReference = 447A6C0920153977002FD137 /* PrettyPost.app */;
			productType = "com.apple.product-type.application";
		};
		447A6C1C20153977002FD137 /* PrettyPostTests */ = {
			isa = PBXNativeTarget;
			buildConfigurationList = 447A6C3420153977002FD137 /* Build configuration list for PBXNativeTarget "PrettyPostTests" */;
			buildPhases = (
				447A6C1920153977002FD137 /* Sources */,
				447A6C1A20153977002FD137 /* Frameworks */,
				447A6C1B20153977002FD137 /* Resources */,
			);
			buildRules = (
			);
			dependencies = (
				447A6C1F20153977002FD137 /* PBXTargetDependency */,
			);
			name = PrettyPostTests;
			productName = PrettyPostTests;
			productReference = 447A6C1D20153977002FD137 /* PrettyPostTests.xctest */;
			productType = "com.apple.product-type.bundle.unit-test";
		};
		447A6C2720153977002FD137 /* PrettyPostUITests */ = {
			isa = PBXNativeTarget;
			buildConfigurationList = 447A6C3720153977002FD137 /* Build configuration list for PBXNativeTarget "PrettyPostUITests" */;
			buildPhases = (
				447A6C2420153977002FD137 /* Sources */,
				447A6C2520153977002FD137 /* Frameworks */,
				447A6C2620153977002FD137 /* Resources */,
			);
			buildRules = (
			);
			dependencies = (
				447A6C2A20153977002FD137 /* PBXTargetDependency */,
			);
			name = PrettyPostUITests;
			productName = PrettyPostUITests;
			productReference = 447A6C2820153977002FD137 /* PrettyPostUITests.xctest */;
			productType = "com.apple.product-type.bundle.ui-testing";
		};
/* End PBXNativeTarget section */

/* Begin PBXProject section */
		447A6C0120153977002FD137 /* Project object */ = {
			isa = PBXProject;
			attributes = {
				LastSwiftUpdateCheck = 0910;
				LastUpgradeCheck = 0910;
				ORGANIZATIONNAME = "ACM Hack";
				TargetAttributes = {
					447A6C0820153977002FD137 = {
						CreatedOnToolsVersion = 9.1;
						ProvisioningStyle = Automatic;
					};
					447A6C1C20153977002FD137 = {
						CreatedOnToolsVersion = 9.1;
						ProvisioningStyle = Automatic;
						TestTargetID = 447A6C0820153977002FD137;
					};
					447A6C2720153977002FD137 = {
						CreatedOnToolsVersion = 9.1;
						ProvisioningStyle = Automatic;
						TestTargetID = 447A6C0820153977002FD137;
					};
				};
			};
			buildConfigurationList = 447A6C0420153977002FD137 /* Build configuration list for PBXProject "PrettyPost" */;
			compatibilityVersion = "Xcode 8.0";
			developmentRegion = en;
			hasScannedForEncodings = 0;
			knownRegions = (
				en,
				Base,
			);
			mainGroup = 447A6C0020153977002FD137;
			productRefGroup = 447A6C0A20153977002FD137 /* Products */;
			projectDirPath = "";
			projectRoot = "";
			targets = (
				447A6C0820153977002FD137 /* PrettyPost */,
				447A6C1C20153977002FD137 /* PrettyPostTests */,
				447A6C2720153977002FD137 /* PrettyPostUITests */,
			);
		};
/* End PBXProject section */

/* Begin PBXResourcesBuildPhase section */
		447A6C0720153977002FD137 /* Resources */ = {
			isa = PBXResourcesBuildPhase;
			buildActionMask = 2147483647;
			files = (
				447A6C1720153977002FD137 /* LaunchScreen.storyboard in Resources */,
				447A6C1420153977002FD137 /* Assets.xcassets in Resources */,
				447A6C1220153977002FD137 /* Main.storyboard in Resources */,
			);
			runOnlyForDeploymentPostprocessing = 0;
		};
		447A6C1B20153977002FD137 /* Resources */ = {
			isa = PBXResourcesBuildPhase;
			buildActionMask = 2147483647;
			files = (
			);
			runOnlyForDeploymentPostprocessing = 0;
		};
		447A6C2620153977002FD137 /* Resources */ = {
			isa = PBXResourcesBuildPhase;
			buildActionMask = 2147483647;
			files = (
			);
			runOnlyForDeploymentPostprocessing = 0;
		};
/* End PBXResourcesBuildPhase section */

/* Begin PBXSourcesBuildPhase section */
		447A6C0520153977002FD137 /* Sources */ = {
			isa = PBXSourcesBuildPhase;
			buildActionMask = 2147483647;
			files = (
				447A6C0F20153977002FD137 /* CreatePostViewController.swift in Sources */,
				447A6C3B20156BA0002FD137 /* ReadPostViewController.swift in Sources */,
				447A6C0D20153977002FD137 /* AppDelegate.swift in Sources */,
			);
			runOnlyForDeploymentPostprocessing = 0;
		};
		447A6C1920153977002FD137 /* Sources */ = {
			isa = PBXSourcesBuildPhase;
			buildActionMask = 2147483647;
			files = (
				447A6C2220153977002FD137 /* PrettyPostTests.swift in Sources */,
			);
			runOnlyForDeploymentPostprocessing = 0;
		};
		447A6C2420153977002FD137 /* Sources */ = {
			isa = PBXSourcesBuildPhase;
			buildActionMask = 2147483647;
			files = (
				447A6C2D20153977002FD137 /* PrettyPostUITests.swift in Sources */,
			);
			runOnlyForDeploymentPostprocessing = 0;
		};
/* End PBXSourcesBuildPhase section */

/* Begin PBXTargetDependency section */
		447A6C1F20153977002FD137 /* PBXTargetDependency */ = {
			isa = PBXTargetDependency;
			target = 447A6C0820153977002FD137 /* PrettyPost */;
			targetProxy = 447A6C1E20153977002FD137 /* PBXContainerItemProxy */;
		};
		447A6C2A20153977002FD137 /* PBXTargetDependency */ = {
			isa = PBXTargetDependency;
			target = 447A6C0820153977002FD137 /* PrettyPost */;
			targetProxy = 447A6C2920153977002FD137 /* PBXContainerItemProxy */;
		};
/* End PBXTargetDependency section */

/* Begin PBXVariantGroup section */
		447A6C1020153977002FD137 /* Main.storyboard */ = {
			isa = PBXVariantGroup;
			children = (
				447A6C1120153977002FD137 /* Base */,
			);
			name = Main.storyboard;
			sourceTree = "<group>";
		};
		447A6C1520153977002FD137 /* LaunchScreen.storyboard */ = {
			isa = PBXVariantGroup;
			children = (
				447A6C1620153977002FD137 /* Base */,
			);
			name = LaunchScreen.storyboard;
			sourceTree = "<group>";
		};
/* End PBXVariantGroup section */

/* Begin XCBuildConfiguration section */
		447A6C2F20153977002FD137 /* Debug */ = {
			isa = XCBuildConfiguration;
			buildSettings = {
				ALWAYS_SEARCH_USER_PATHS = NO;
				CLANG_ANALYZER_NONNULL = YES;
				CLANG_ANALYZER_NUMBER_OBJECT_CONVERSION = YES_AGGRESSIVE;
				CLANG_CXX_LANGUAGE_STANDARD = "gnu++14";
				CLANG_CXX_LIBRARY = "libc++";
				CLANG_ENABLE_MODULES = YES;
				CLANG_ENABLE_OBJC_ARC = YES;
				CLANG_WARN_BLOCK_CAPTURE_AUTORELEASING = YES;
				CLANG_WARN_BOOL_CONVERSION = YES;
				CLANG_WARN_COMMA = YES;
				CLANG_WARN_CONSTANT_CONVERSION = YES;
				CLANG_WARN_DIRECT_OBJC_ISA_USAGE = YES_ERROR;
				CLANG_WARN_DOCUMENTATION_COMMENTS = YES;
				CLANG_WARN_EMPTY_BODY = YES;
				CLANG_WARN_ENUM_CONVERSION = YES;
				CLANG_WARN_INFINITE_RECURSION = YES;
				CLANG_WARN_INT_CONVERSION = YES;
				CLANG_WARN_NON_LITERAL_NULL_CONVERSION = YES;
				CLANG_WARN_OBJC_LITERAL_CONVERSION = YES;
				CLANG_WARN_OBJC_ROOT_CLASS = YES_ERROR;
				CLANG_WARN_RANGE_LOOP_ANALYSIS = YES;
				CLANG_WARN_STRICT_PROTOTYPES = YES;
				CLANG_WARN_SUSPICIOUS_MOVE = YES;
				CLANG_WARN_UNGUARDED_AVAILABILITY = YES_AGGRESSIVE;
				CLANG_WARN_UNREACHABLE_CODE = YES;
				CLANG_WARN__DUPLICATE_METHOD_MATCH = YES;
				CODE_SIGN_IDENTITY = "iPhone Developer";
				COPY_PHASE_STRIP = NO;
				DEBUG_INFORMATION_FORMAT = dwarf;
				ENABLE_STRICT_OBJC_MSGSEND = YES;
				ENABLE_TESTABILITY = YES;
				GCC_C_LANGUAGE_STANDARD = gnu11;
				GCC_DYNAMIC_NO_PIC = NO;
				GCC_NO_COMMON_BLOCKS = YES;
				GCC_OPTIMIZATION_LEVEL = 0;
				GCC_PREPROCESSOR_DEFINITIONS = (
					"DEBUG=1",
					"$(inherited)",
				);
				GCC_WARN_64_TO_32_BIT_CONVERSION = YES;
				GCC_WARN_ABOUT_RETURN_TYPE = YES_ERROR;
				GCC_WARN_UNDECLARED_SELECTOR = YES;
				GCC_WARN_UNINITIALIZED_AUTOS = YES_AGGRESSIVE;
				GCC_WARN_UNUSED_FUNCTION = YES;
				GCC_WARN_UNUSED_VARIABLE = YES;
				IPHONEOS_DEPLOYMENT_TARGET = 11.1;
				MTL_ENABLE_DEBUG_INFO = YES;
				ONLY_ACTIVE_ARCH = YES;
				SDKROOT = iphoneos;
				SWIFT_ACTIVE_COMPILATION_CONDITIONS = DEBUG;
				SWIFT_OPTIMIZATION_LEVEL = "-Onone";
			};
			name = Debug;
		};
		447A6C3020153977002FD137 /* Release */ = {
			isa = XCBuildConfiguration;
			buildSettings = {
				ALWAYS_SEARCH_USER_PATHS = NO;
				CLANG_ANALYZER_NONNULL = YES;
				CLANG_ANALYZER_NUMBER_OBJECT_CONVERSION = YES_AGGRESSIVE;
				CLANG_CXX_LANGUAGE_STANDARD = "gnu++14";
				CLANG_CXX_LIBRARY = "libc++";
				CLANG_ENABLE_MODULES = YES;
				CLANG_ENABLE_OBJC_ARC = YES;
				CLANG_WARN_BLOCK_CAPTURE_AUTORELEASING = YES;
				CLANG_WARN_BOOL_CONVERSION = YES;
				CLANG_WARN_COMMA = YES;
				CLANG_WARN_CONSTANT_CONVERSION = YES;
				CLANG_WARN_DIRECT_OBJC_ISA_USAGE = YES_ERROR;
				CLANG_WARN_DOCUMENTATION_COMMENTS = YES;
				CLANG_WARN_EMPTY_BODY = YES;
				CLANG_WARN_ENUM_CONVERSION = YES;
				CLANG_WARN_INFINITE_RECURSION = YES;
				CLANG_WARN_INT_CONVERSION = YES;
				CLANG_WARN_NON_LITERAL_NULL_CONVERSION = YES;
				CLANG_WARN_OBJC_LITERAL_CONVERSION = YES;
				CLANG_WARN_OBJC_ROOT_CLASS = YES_ERROR;
				CLANG_WARN_RANGE_LOOP_ANALYSIS = YES;
				CLANG_WARN_STRICT_PROTOTYPES = YES;
				CLANG_WARN_SUSPICIOUS_MOVE = YES;
				CLANG_WARN_UNGUARDED_AVAILABILITY = YES_AGGRESSIVE;
				CLANG_WARN_UNREACHABLE_CODE = YES;
				CLANG_WARN__DUPLICATE_METHOD_MATCH = YES;
				CODE_SIGN_IDENTITY = "iPhone Developer";
				COPY_PHASE_STRIP = NO;
				DEBUG_INFORMATION_FORMAT = "dwarf-with-dsym";
				ENABLE_NS_ASSERTIONS = NO;
				ENABLE_STRICT_OBJC_MSGSEND = YES;
				GCC_C_LANGUAGE_STANDARD = gnu11;
				GCC_NO_COMMON_BLOCKS = YES;
				GCC_WARN_64_TO_32_BIT_CONVERSION = YES;
				GCC_WARN_ABOUT_RETURN_TYPE = YES_ERROR;
				GCC_WARN_UNDECLARED_SELECTOR = YES;
				GCC_WARN_UNINITIALIZED_AUTOS = YES_AGGRESSIVE;
				GCC_WARN_UNUSED_FUNCTION = YES;
				GCC_WARN_UNUSED_VARIABLE = YES;
				IPHONEOS_DEPLOYMENT_TARGET = 11.1;
				MTL_ENABLE_DEBUG_INFO = NO;
				SDKROOT = iphoneos;
				SWIFT_OPTIMIZATION_LEVEL = "-Owholemodule";
				VALIDATE_PRODUCT = YES;
			};
			name = Release;
		};
		447A6C3220153977002FD137 /* Debug */ = {
			isa = XCBuildConfiguration;
			buildSettings = {
				ASSETCATALOG_COMPILER_APPICON_NAME = AppIcon;
				CODE_SIGN_STYLE = Automatic;
				DEVELOPMENT_TEAM = KK8JRRW7F2;
				INFOPLIST_FILE = PrettyPost/Info.plist;
				LD_RUNPATH_SEARCH_PATHS = "$(inherited) @executable_path/Frameworks";
				PRODUCT_BUNDLE_IDENTIFIER = "ACM-Hack.PrettyPost";
				PRODUCT_NAME = "$(TARGET_NAME)";
				SWIFT_VERSION = 4.0;
				TARGETED_DEVICE_FAMILY = "1,2";
			};
			name = Debug;
		};
		447A6C3320153977002FD137 /* Release */ = {
			isa = XCBuildConfiguration;
			buildSettings = {
				ASSETCATALOG_COMPILER_APPICON_NAME = AppIcon;
				CODE_SIGN_STYLE = Automatic;
				DEVELOPMENT_TEAM = KK8JRRW7F2;
				INFOPLIST_FILE = PrettyPost/Info.plist;
				LD_RUNPATH_SEARCH_PATHS = "$(inherited) @executable_path/Frameworks";
				PRODUCT_BUNDLE_IDENTIFIER = "ACM-Hack.PrettyPost";
				PRODUCT_NAME = "$(TARGET_NAME)";
				SWIFT_VERSION = 4.0;
				TARGETED_DEVICE_FAMILY = "1,2";
			};
			name = Release;
		};
		447A6C3520153977002FD137 /* Debug */ = {
			isa = XCBuildConfiguration;
			buildSettings = {
				ALWAYS_EMBED_SWIFT_STANDARD_LIBRARIES = YES;
				BUNDLE_LOADER = "$(TEST_HOST)";
				CODE_SIGN_STYLE = Automatic;
				DEVELOPMENT_TEAM = KK8JRRW7F2;
				INFOPLIST_FILE = PrettyPostTests/Info.plist;
				LD_RUNPATH_SEARCH_PATHS = "$(inherited) @executable_path/Frameworks @loader_path/Frameworks";
				PRODUCT_BUNDLE_IDENTIFIER = "ACM-Hack.PrettyPostTests";
				PRODUCT_NAME = "$(TARGET_NAME)";
				SWIFT_VERSION = 4.0;
				TARGETED_DEVICE_FAMILY = "1,2";
				TEST_HOST = "$(BUILT_PRODUCTS_DIR)/PrettyPost.app/PrettyPost";
			};
			name = Debug;
		};
		447A6C3620153977002FD137 /* Release */ = {
			isa = XCBuildConfiguration;
			buildSettings = {
				ALWAYS_EMBED_SWIFT_STANDARD_LIBRARIES = YES;
				BUNDLE_LOADER = "$(TEST_HOST)";
				CODE_SIGN_STYLE = Automatic;
				DEVELOPMENT_TEAM = KK8JRRW7F2;
				INFOPLIST_FILE = PrettyPostTests/Info.plist;
				LD_RUNPATH_SEARCH_PATHS = "$(inherited) @executable_path/Frameworks @loader_path/Frameworks";
				PRODUCT_BUNDLE_IDENTIFIER = "ACM-Hack.PrettyPostTests";
				PRODUCT_NAME = "$(TARGET_NAME)";
				SWIFT_VERSION = 4.0;
				TARGETED_DEVICE_FAMILY = "1,2";
				TEST_HOST = "$(BUILT_PRODUCTS_DIR)/PrettyPost.app/PrettyPost";
			};
			name = Release;
		};
		447A6C3820153977002FD137 /* Debug */ = {
			isa = XCBuildConfiguration;
			buildSettings = {
				ALWAYS_EMBED_SWIFT_STANDARD_LIBRARIES = YES;
				CODE_SIGN_STYLE = Automatic;
				DEVELOPMENT_TEAM = KK8JRRW7F2;
				INFOPLIST_FILE = PrettyPostUITests/Info.plist;
				LD_RUNPATH_SEARCH_PATHS = "$(inherited) @executable_path/Frameworks @loader_path/Frameworks";
				PRODUCT_BUNDLE_IDENTIFIER = "ACM-Hack.PrettyPostUITests";
				PRODUCT_NAME = "$(TARGET_NAME)";
				SWIFT_VERSION = 4.0;
				TARGETED_DEVICE_FAMILY = "1,2";
				TEST_TARGET_NAME = PrettyPost;
			};
			name = Debug;
		};
		447A6C3920153977002FD137 /* Release */ = {
			isa = XCBuildConfiguration;
			buildSettings = {
				ALWAYS_EMBED_SWIFT_STANDARD_LIBRARIES = YES;
				CODE_SIGN_STYLE = Automatic;
				DEVELOPMENT_TEAM = KK8JRRW7F2;
				INFOPLIST_FILE = PrettyPostUITests/Info.plist;
				LD_RUNPATH_SEARCH_PATHS = "$(inherited) @executable_path/Frameworks @loader_path/Frameworks";
				PRODUCT_BUNDLE_IDENTIFIER = "ACM-Hack.PrettyPostUITests";
				PRODUCT_NAME = "$(TARGET_NAME)";
				SWIFT_VERSION = 4.0;
				TARGETED_DEVICE_FAMILY = "1,2";
				TEST_TARGET_NAME = PrettyPost;
			};
			name = Release;
		};
/* End XCBuildConfiguration section */

/* Begin XCConfigurationList section */
		447A6C0420153977002FD137 /* Build configuration list for PBXProject "PrettyPost" */ = {
			isa = XCConfigurationList;
			buildConfigurations = (
				447A6C2F20153977002FD137 /* Debug */,
				447A6C3020153977002FD137 /* Release */,
			);
			defaultConfigurationIsVisible = 0;
			defaultConfigurationName = Release;
		};
		447A6C3120153977002FD137 /* Build configuration list for PBXNativeTarget "PrettyPost" */ = {
			isa = XCConfigurationList;
			buildConfigurations = (
				447A6C3220153977002FD137 /* Debug */,
				447A6C3320153977002FD137 /* Release */,
			);
			defaultConfigurationIsVisible = 0;
			defaultConfigurationName = Release;
		};
		447A6C3420153977002FD137 /* Build configuration list for PBXNativeTarget "PrettyPostTests" */ = {
			isa = XCConfigurationList;
			buildConfigurations = (
				447A6C3520153977002FD137 /* Debug */,
				447A6C3620153977002FD137 /* Release */,
			);
			defaultConfigurationIsVisible = 0;
			defaultConfigurationName = Release;
		};
		447A6C3720153977002FD137 /* Build configuration list for PBXNativeTarget "PrettyPostUITests" */ = {
			isa = XCConfigurationList;
			buildConfigurations = (
				447A6C3820153977002FD137 /* Debug */,
				447A6C3920153977002FD137 /* Release */,
			);
			defaultConfigurationIsVisible = 0;
			defaultConfigurationName = Release;
		};
/* End XCConfigurationList section */
	};
	rootObject = 447A6C0120153977002FD137 /* Project object */;
}
